
Microsoft Visual Studio Solution File, Format Version 12.00
# Visual Studio 2012
Project("{FAE04EC0-301F-11D3-BF4B-00C04F79EFBC}") = "NetAPIPack", "NetAPIPack\NetAPIPack.csproj", "{27570896-3882-4893-ACF1-7591C77BFA37}"
EndProject
Project("{FAE04EC0-301F-11D3-BF4B-00C04F79EFBC}") = "TestApplication", "TestApplication\TestApplication.csproj", "{97375609-9639-4BBA-AD47-537EBD4F175D}"
EndProject
Global
	GlobalSection(SolutionConfigurationPlatforms) = preSolution
		Debug|Any CPU = Debug|Any CPU
		Release|Any CPU = Release|Any CPU
	EndGlobalSection
	GlobalSection(ProjectConfigurationPlatforms) = postSolution
		{27570896-3882-4893-ACF1-7591C77BFA37}.Debug|Any CPU.ActiveCfg = Debug|Any CPU
		{27570896-3882-4893-ACF1-7591C77BFA37}.Debug|Any CPU.Build.0 = Debug|Any CPU
		{27570896-3882-4893-ACF1-7591C77BFA37}.Release|Any CPU.ActiveCfg = Release|Any CPU
		{27570896-3882-4893-ACF1-7591C77BFA37}.Release|Any CPU.Build.0 = Release|Any CPU
		{97375609-9639-4BBA-AD47-537EBD4F175D}.Debug|Any CPU.ActiveCfg = Debug|Any CPU
		{97375609-9639-4BBA-AD47-537EBD4F175D}.Debug|Any CPU.Build.0 = Debug|Any CPU
		{97375609-9639-4BBA-AD47-537EBD4F175D}.Release|Any CPU.ActiveCfg = Release|Any CPU
		{97375609-9639-4BBA-AD47-537EBD4F175D}.Release|Any CPU.Build.0 = Release|Any CPU
	EndGlobalSection
	GlobalSection(SolutionProperties) = preSolution
		HideSolutionNode = FALSE
	EndGlobalSection
EndGlobal
